
Microsoft Visual Studio Solution File, Format Version 12.00
# Visual Studio Version 16
VisualStudioVersion = 16.0.31515.178
MinimumVisualStudioVersion = 10.0.40219.1
Project("{9A19103F-16F7-4668-BE54-9A1E7A4F7556}") = "Kampintro", "Kampintro\Kampintro.csproj", "{E6953067-1055-4077-BC0E-EB83C54B7772}"
EndProject
Project("{9A19103F-16F7-4668-BE54-9A1E7A4F7556}") = "donguler", "donguler\donguler.csproj", "{1248AAB3-8D8F-470F-9719-B41C781D2DE2}"
EndProject
Project("{9A19103F-16F7-4668-BE54-9A1E7A4F7556}") = "classintro", "classintro\classintro.csproj", "{F9A13E3B-A002-4115-8FFB-EBDB58C7D5E6}"
EndProject
Project("{9A19103F-16F7-4668-BE54-9A1E7A4F7556}") = "metotlar", "metotlar\metotlar.csproj", "{139045D6-EEAC-4DB1-9382-8D09D24B5CC0}"
EndProject
Project("{9A19103F-16F7-4668-BE54-9A1E7A4F7556}") = "Matematik", "Matematik\Matematik.csproj", "{E288F6B0-A59F-4AA7-B8AD-9DE265442F3B}"
EndProject
Project("{FAE04EC0-301F-11D3-BF4B-00C04F79EFBC}") = "DegerVeReferansTipler", "DegerVeReferansTipler\DegerVeReferansTipler.csproj", "{1815ACF3-E7CA-49C8-8C47-967E886D0CD1}"
EndProject
Global
	GlobalSection(SolutionConfigurationPlatforms) = preSolution
		Debug|Any CPU = Debug|Any CPU
		Release|Any CPU = Release|Any CPU
	EndGlobalSection
	GlobalSection(ProjectConfigurationPlatforms) = postSolution
		{E6953067-1055-4077-BC0E-EB83C54B7772}.Debug|Any CPU.ActiveCfg = Debug|Any CPU
		{E6953067-1055-4077-BC0E-EB83C54B7772}.Debug|Any CPU.Build.0 = Debug|Any CPU
		{E6953067-1055-4077-BC0E-EB83C54B7772}.Release|Any CPU.ActiveCfg = Release|Any CPU
		{E6953067-1055-4077-BC0E-EB83C54B7772}.Release|Any CPU.Build.0 = Release|Any CPU
		{1248AAB3-8D8F-470F-9719-B41C781D2DE2}.Debug|Any CPU.ActiveCfg = Debug|Any CPU
		{1248AAB3-8D8F-470F-9719-B41C781D2DE2}.Debug|Any CPU.Build.0 = Debug|Any CPU
		{1248AAB3-8D8F-470F-9719-B41C781D2DE2}.Release|Any CPU.ActiveCfg = Release|Any CPU
		{1248AAB3-8D8F-470F-9719-B41C781D2DE2}.Release|Any CPU.Build.0 = Release|Any CPU
		{F9A13E3B-A002-4115-8FFB-EBDB58C7D5E6}.Debug|Any CPU.ActiveCfg = Debug|Any CPU
		{F9A13E3B-A002-4115-8FFB-EBDB58C7D5E6}.Debug|Any CPU.Build.0 = Debug|Any CPU
		{F9A13E3B-A002-4115-8FFB-EBDB58C7D5E6}.Release|Any CPU.ActiveCfg = Release|Any CPU
		{F9A13E3B-A002-4115-8FFB-EBDB58C7D5E6}.Release|Any CPU.Build.0 = Release|Any CPU
		{139045D6-EEAC-4DB1-9382-8D09D24B5CC0}.Debug|Any CPU.ActiveCfg = Debug|Any CPU
		{139045D6-EEAC-4DB1-9382-8D09D24B5CC0}.Debug|Any CPU.Build.0 = Debug|Any CPU
		{139045D6-EEAC-4DB1-9382-8D09D24B5CC0}.Release|Any CPU.ActiveCfg = Release|Any CPU
		{139045D6-EEAC-4DB1-9382-8D09D24B5CC0}.Release|Any CPU.Build.0 = Release|Any CPU
		{E288F6B0-A59F-4AA7-B8AD-9DE265442F3B}.Debug|Any CPU.ActiveCfg = Debug|Any CPU
		{E288F6B0-A59F-4AA7-B8AD-9DE265442F3B}.Debug|Any CPU.Build.0 = Debug|Any CPU
		{E288F6B0-A59F-4AA7-B8AD-9DE265442F3B}.Release|Any CPU.ActiveCfg = Release|Any CPU
		{E288F6B0-A59F-4AA7-B8AD-9DE265442F3B}.Release|Any CPU.Build.0 = Release|Any CPU
		{1815ACF3-E7CA-49C8-8C47-967E886D0CD1}.Debug|Any CPU.ActiveCfg = Debug|Any CPU
		{1815ACF3-E7CA-49C8-8C47-967E886D0CD1}.Debug|Any CPU.Build.0 = Debug|Any CPU
		{1815ACF3-E7CA-49C8-8C47-967E886D0CD1}.Release|Any CPU.ActiveCfg = Release|Any CPU
		{1815ACF3-E7CA-49C8-8C47-967E886D0CD1}.Release|Any CPU.Build.0 = Release|Any CPU
	EndGlobalSection
	GlobalSection(SolutionProperties) = preSolution
		HideSolutionNode = FALSE
	EndGlobalSection
	GlobalSection(ExtensibilityGlobals) = postSolution
		SolutionGuid = {E3AA6DE2-5230-408F-8AFF-3629FF4F317B}
	EndGlobalSection
EndGlobal
